
Microsoft Visual Studio Solution File, Format Version 12.00
# Visual Studio Version 17
VisualStudioVersion = 17.5.33516.290
MinimumVisualStudioVersion = 10.0.40219.1
Project("{9A19103F-16F7-4668-BE54-9A1E7A4F7556}") = "ToDoService", "ToDoService.csproj", "{AF2A7DE5-A677-497A-A33E-35F5C2E79AB0}"
EndProject
Global
	GlobalSection(SolutionConfigurationPlatforms) = preSolution
		Debug|Any CPU = Debug|Any CPU
		Release|Any CPU = Release|Any CPU
	EndGlobalSection
	GlobalSection(ProjectConfigurationPlatforms) = postSolution
		{AF2A7DE5-A677-497A-A33E-35F5C2E79AB0}.Debug|Any CPU.ActiveCfg = Debug|Any CPU
		{AF2A7DE5-A677-497A-A33E-35F5C2E79AB0}.Debug|Any CPU.Build.0 = Debug|Any CPU
		{AF2A7DE5-A677-497A-A33E-35F5C2E79AB0}.Release|Any CPU.ActiveCfg = Release|Any CPU
		{AF2A7DE5-A677-497A-A33E-35F5C2E79AB0}.Release|Any CPU.Build.0 = Release|Any CPU
	EndGlobalSection
	GlobalSection(SolutionProperties) = preSolution
		HideSolutionNode = FALSE
	EndGlobalSection
	GlobalSection(ExtensibilityGlobals) = postSolution
		SolutionGuid = {F613FA99-A0D7-4E7B-B019-1A5360AD39A1}
	EndGlobalSection
EndGlobal
